
Microsoft Visual Studio Solution File, Format Version 12.00
# Visual Studio Version 16
VisualStudioVersion = 16.0.34301.259
MinimumVisualStudioVersion = 10.0.40219.1
Project("{FAE04EC0-301F-11D3-BF4B-00C04F79EFBC}") = "PlagiarismValidation", "PlagiarismValidation\PlagiarismValidation.csproj", "{CC5D605E-CCC3-45A9-8556-6AA4BD5AF28F}"
EndProject
Global
	GlobalSection(SolutionConfigurationPlatforms) = preSolution
		Debug|Any CPU = Debug|Any CPU
		Release|Any CPU = Release|Any CPU
	EndGlobalSection
	GlobalSection(ProjectConfigurationPlatforms) = postSolution
		{CC5D605E-CCC3-45A9-8556-6AA4BD5AF28F}.Debug|Any CPU.ActiveCfg = Debug|Any CPU
		{CC5D605E-CCC3-45A9-8556-6AA4BD5AF28F}.Debug|Any CPU.Build.0 = Debug|Any CPU
		{CC5D605E-CCC3-45A9-8556-6AA4BD5AF28F}.Release|Any CPU.ActiveCfg = Release|Any CPU
		{CC5D605E-CCC3-45A9-8556-6AA4BD5AF28F}.Release|Any CPU.Build.0 = Release|Any CPU
	EndGlobalSection
	GlobalSection(SolutionProperties) = preSolution
		HideSolutionNode = FALSE
	EndGlobalSection
	GlobalSection(ExtensibilityGlobals) = postSolution
		SolutionGuid = {847C1806-7D4E-4A94-85FE-870BCF1AC362}
	EndGlobalSection
EndGlobal
